
Microsoft Visual Studio Solution File, Format Version 12.00
# Visual Studio Version 17
VisualStudioVersion = 17.10.35027.167
MinimumVisualStudioVersion = 10.0.40219.1
Project("{FAE04EC0-301F-11D3-BF4B-00C04F79EFBC}") = "study01", "study01\study01.csproj", "{4E39172B-CBC7-4D01-81D9-50BEF78DC140}"
EndProject
Global
	GlobalSection(SolutionConfigurationPlatforms) = preSolution
		Debug|Any CPU = Debug|Any CPU
		Release|Any CPU = Release|Any CPU
	EndGlobalSection
	GlobalSection(ProjectConfigurationPlatforms) = postSolution
		{4E39172B-CBC7-4D01-81D9-50BEF78DC140}.Debug|Any CPU.ActiveCfg = Debug|Any CPU
		{4E39172B-CBC7-4D01-81D9-50BEF78DC140}.Debug|Any CPU.Build.0 = Debug|Any CPU
		{4E39172B-CBC7-4D01-81D9-50BEF78DC140}.Release|Any CPU.ActiveCfg = Release|Any CPU
		{4E39172B-CBC7-4D01-81D9-50BEF78DC140}.Release|Any CPU.Build.0 = Release|Any CPU
	EndGlobalSection
	GlobalSection(SolutionProperties) = preSolution
		HideSolutionNode = FALSE
	EndGlobalSection
	GlobalSection(ExtensibilityGlobals) = postSolution
		SolutionGuid = {B02748F1-850C-4631-A67F-85B8529C9139}
	EndGlobalSection
EndGlobal
